
Microsoft Visual Studio Solution File, Format Version 12.00
Project("{FAE04EC0-301F-11D3-BF4B-00C04F79EFBC}") = "GUI", "GUI\GUI.csproj", "{11A52E21-51DA-4F16-B6B9-667BBB7C5720}"
EndProject
Project("{FAE04EC0-301F-11D3-BF4B-00C04F79EFBC}") = "Shared", "Shared\Shared.csproj", "{7B9579A1-C74E-4E90-BF8C-364B5FB10D83}"
EndProject
Project("{FAE04EC0-301F-11D3-BF4B-00C04F79EFBC}") = "Domain", "Domain\Domain.csproj", "{86493516-3218-42FF-A60B-F61C20DD498F}"
EndProject
Project("{2150E333-8FDC-42A3-9474-1A3956D46DE8}") = "Tests", "Tests", "{18242AB7-26AE-4024-A3CA-1F5364B1E67F}"
EndProject
Project("{FAE04EC0-301F-11D3-BF4B-00C04F79EFBC}") = "Domain.Tests", "Tests\Domain.Tests\Domain.Tests.csproj", "{1DC57910-C5FF-443E-948A-494140300A2F}"
EndProject
Project("{FAE04EC0-301F-11D3-BF4B-00C04F79EFBC}") = "Shared.Tests", "Tests\Shared.Tests\Shared.Tests.csproj", "{B1708674-276B-4985-AD96-7E38F2B2225B}"
EndProject
Project("{FAE04EC0-301F-11D3-BF4B-00C04F79EFBC}") = "GUI.Tests", "Tests\GUI.Tests\GUI.Tests.csproj", "{C16EACD8-1CC7-4077-AAC7-0BE2AB2EC100}"
EndProject
Project("{FAE04EC0-301F-11D3-BF4B-00C04F79EFBC}") = "Devices", "Devices\Devices.csproj", "{7236832C-B413-4949-AF0C-9882C5FBD3AE}"
EndProject
Project("{FAE04EC0-301F-11D3-BF4B-00C04F79EFBC}") = "Devices.Tests", "Tests\Devices.Tests\Devices.Tests.csproj", "{FE05B34C-93BF-4A03-AA2A-A46B3B1688AF}"
EndProject
Project("{FAE04EC0-301F-11D3-BF4B-00C04F79EFBC}") = "DeviceSdk", "..\sdk\DeviceSdk\DeviceSdk.csproj", "{F1909088-F09F-448B-9CC1-59519646C275}"
EndProject
Project("{2150E333-8FDC-42A3-9474-1A3956D46DE8}") = "DemoDevices", "DemoDevices", "{63F78222-87BA-4968-8D4F-B3F18AFD7998}"
EndProject
Project("{FAE04EC0-301F-11D3-BF4B-00C04F79EFBC}") = "ROM", "DemoDevices\ROM\ROM.csproj", "{1C6852EE-A514-4FE5-B2A2-F9F1E5B2CCFE}"
EndProject
Project("{FAE04EC0-301F-11D3-BF4B-00C04F79EFBC}") = "DemoDevice", "..\sdk\DemoDevice\DemoDevice.csproj", "{3BCB77FE-5480-485C-B81E-404EC1A2D25D}"
EndProject
Project("{FAE04EC0-301F-11D3-BF4B-00C04F79EFBC}") = "InvalidDevice", "..\sdk\InvalidDevice\InvalidDevice.csproj", "{B539BA13-24AB-44FE-9346-F96C212BB317}"
EndProject
Project("{FAE04EC0-301F-11D3-BF4B-00C04F79EFBC}") = "DoubleDevice", "..\sdk\DoubleDevice\DoubleDevice.csproj", "{16EF5953-7E15-4176-BABC-BEA6C3DC6424}"
EndProject
Global
	GlobalSection(SolutionConfigurationPlatforms) = preSolution
		Debug|Any CPU = Debug|Any CPU
		Release|Any CPU = Release|Any CPU
	EndGlobalSection
	GlobalSection(ProjectConfigurationPlatforms) = postSolution
		{11A52E21-51DA-4F16-B6B9-667BBB7C5720}.Debug|Any CPU.ActiveCfg = Debug|Any CPU
		{11A52E21-51DA-4F16-B6B9-667BBB7C5720}.Debug|Any CPU.Build.0 = Debug|Any CPU
		{11A52E21-51DA-4F16-B6B9-667BBB7C5720}.Release|Any CPU.ActiveCfg = Release|Any CPU
		{11A52E21-51DA-4F16-B6B9-667BBB7C5720}.Release|Any CPU.Build.0 = Release|Any CPU
		{7B9579A1-C74E-4E90-BF8C-364B5FB10D83}.Debug|Any CPU.ActiveCfg = Debug|Any CPU
		{7B9579A1-C74E-4E90-BF8C-364B5FB10D83}.Debug|Any CPU.Build.0 = Debug|Any CPU
		{7B9579A1-C74E-4E90-BF8C-364B5FB10D83}.Release|Any CPU.ActiveCfg = Release|Any CPU
		{7B9579A1-C74E-4E90-BF8C-364B5FB10D83}.Release|Any CPU.Build.0 = Release|Any CPU
		{86493516-3218-42FF-A60B-F61C20DD498F}.Debug|Any CPU.ActiveCfg = Debug|Any CPU
		{86493516-3218-42FF-A60B-F61C20DD498F}.Debug|Any CPU.Build.0 = Debug|Any CPU
		{86493516-3218-42FF-A60B-F61C20DD498F}.Release|Any CPU.ActiveCfg = Release|Any CPU
		{86493516-3218-42FF-A60B-F61C20DD498F}.Release|Any CPU.Build.0 = Release|Any CPU
		{1DC57910-C5FF-443E-948A-494140300A2F}.Debug|Any CPU.ActiveCfg = Debug|Any CPU
		{1DC57910-C5FF-443E-948A-494140300A2F}.Debug|Any CPU.Build.0 = Debug|Any CPU
		{1DC57910-C5FF-443E-948A-494140300A2F}.Release|Any CPU.ActiveCfg = Release|Any CPU
		{1DC57910-C5FF-443E-948A-494140300A2F}.Release|Any CPU.Build.0 = Release|Any CPU
		{B1708674-276B-4985-AD96-7E38F2B2225B}.Debug|Any CPU.ActiveCfg = Debug|Any CPU
		{B1708674-276B-4985-AD96-7E38F2B2225B}.Debug|Any CPU.Build.0 = Debug|Any CPU
		{B1708674-276B-4985-AD96-7E38F2B2225B}.Release|Any CPU.ActiveCfg = Release|Any CPU
		{B1708674-276B-4985-AD96-7E38F2B2225B}.Release|Any CPU.Build.0 = Release|Any CPU
		{C16EACD8-1CC7-4077-AAC7-0BE2AB2EC100}.Debug|Any CPU.ActiveCfg = Debug|Any CPU
		{C16EACD8-1CC7-4077-AAC7-0BE2AB2EC100}.Debug|Any CPU.Build.0 = Debug|Any CPU
		{C16EACD8-1CC7-4077-AAC7-0BE2AB2EC100}.Release|Any CPU.ActiveCfg = Release|Any CPU
		{C16EACD8-1CC7-4077-AAC7-0BE2AB2EC100}.Release|Any CPU.Build.0 = Release|Any CPU
		{7236832C-B413-4949-AF0C-9882C5FBD3AE}.Debug|Any CPU.ActiveCfg = Debug|Any CPU
		{7236832C-B413-4949-AF0C-9882C5FBD3AE}.Debug|Any CPU.Build.0 = Debug|Any CPU
		{7236832C-B413-4949-AF0C-9882C5FBD3AE}.Release|Any CPU.ActiveCfg = Release|Any CPU
		{7236832C-B413-4949-AF0C-9882C5FBD3AE}.Release|Any CPU.Build.0 = Release|Any CPU
		{FE05B34C-93BF-4A03-AA2A-A46B3B1688AF}.Debug|Any CPU.ActiveCfg = Debug|Any CPU
		{FE05B34C-93BF-4A03-AA2A-A46B3B1688AF}.Debug|Any CPU.Build.0 = Debug|Any CPU
		{FE05B34C-93BF-4A03-AA2A-A46B3B1688AF}.Release|Any CPU.ActiveCfg = Release|Any CPU
		{FE05B34C-93BF-4A03-AA2A-A46B3B1688AF}.Release|Any CPU.Build.0 = Release|Any CPU
		{F1909088-F09F-448B-9CC1-59519646C275}.Debug|Any CPU.ActiveCfg = Debug|Any CPU
		{F1909088-F09F-448B-9CC1-59519646C275}.Debug|Any CPU.Build.0 = Debug|Any CPU
		{F1909088-F09F-448B-9CC1-59519646C275}.Release|Any CPU.ActiveCfg = Release|Any CPU
		{F1909088-F09F-448B-9CC1-59519646C275}.Release|Any CPU.Build.0 = Release|Any CPU
		{1C6852EE-A514-4FE5-B2A2-F9F1E5B2CCFE}.Debug|Any CPU.ActiveCfg = Debug|Any CPU
		{1C6852EE-A514-4FE5-B2A2-F9F1E5B2CCFE}.Debug|Any CPU.Build.0 = Debug|Any CPU
		{1C6852EE-A514-4FE5-B2A2-F9F1E5B2CCFE}.Release|Any CPU.ActiveCfg = Release|Any CPU
		{1C6852EE-A514-4FE5-B2A2-F9F1E5B2CCFE}.Release|Any CPU.Build.0 = Release|Any CPU
		{3BCB77FE-5480-485C-B81E-404EC1A2D25D}.Debug|Any CPU.ActiveCfg = Debug|Any CPU
		{3BCB77FE-5480-485C-B81E-404EC1A2D25D}.Debug|Any CPU.Build.0 = Debug|Any CPU
		{3BCB77FE-5480-485C-B81E-404EC1A2D25D}.Release|Any CPU.ActiveCfg = Release|Any CPU
		{3BCB77FE-5480-485C-B81E-404EC1A2D25D}.Release|Any CPU.Build.0 = Release|Any CPU
		{B539BA13-24AB-44FE-9346-F96C212BB317}.Debug|Any CPU.ActiveCfg = Debug|Any CPU
		{B539BA13-24AB-44FE-9346-F96C212BB317}.Debug|Any CPU.Build.0 = Debug|Any CPU
		{B539BA13-24AB-44FE-9346-F96C212BB317}.Release|Any CPU.ActiveCfg = Release|Any CPU
		{B539BA13-24AB-44FE-9346-F96C212BB317}.Release|Any CPU.Build.0 = Release|Any CPU
		{16EF5953-7E15-4176-BABC-BEA6C3DC6424}.Debug|Any CPU.ActiveCfg = Debug|Any CPU
		{16EF5953-7E15-4176-BABC-BEA6C3DC6424}.Debug|Any CPU.Build.0 = Debug|Any CPU
		{16EF5953-7E15-4176-BABC-BEA6C3DC6424}.Release|Any CPU.ActiveCfg = Release|Any CPU
		{16EF5953-7E15-4176-BABC-BEA6C3DC6424}.Release|Any CPU.Build.0 = Release|Any CPU
	EndGlobalSection
	GlobalSection(NestedProjects) = preSolution
		{1DC57910-C5FF-443E-948A-494140300A2F} = {18242AB7-26AE-4024-A3CA-1F5364B1E67F}
		{B1708674-276B-4985-AD96-7E38F2B2225B} = {18242AB7-26AE-4024-A3CA-1F5364B1E67F}
		{C16EACD8-1CC7-4077-AAC7-0BE2AB2EC100} = {18242AB7-26AE-4024-A3CA-1F5364B1E67F}
		{FE05B34C-93BF-4A03-AA2A-A46B3B1688AF} = {18242AB7-26AE-4024-A3CA-1F5364B1E67F}
		{1C6852EE-A514-4FE5-B2A2-F9F1E5B2CCFE} = {63F78222-87BA-4968-8D4F-B3F18AFD7998}
		{3BCB77FE-5480-485C-B81E-404EC1A2D25D} = {63F78222-87BA-4968-8D4F-B3F18AFD7998}
		{B539BA13-24AB-44FE-9346-F96C212BB317} = {63F78222-87BA-4968-8D4F-B3F18AFD7998}
		{16EF5953-7E15-4176-BABC-BEA6C3DC6424} = {63F78222-87BA-4968-8D4F-B3F18AFD7998}
	EndGlobalSection
EndGlobal
